
Microsoft Visual Studio Solution File, Format Version 12.00
# Visual Studio 14
VisualStudioVersion = 14.0.25123.0
MinimumVisualStudioVersion = 10.0.40219.1
Project("{FAE04EC0-301F-11D3-BF4B-00C04F79EFBC}") = "SkyHubAdapter.Application", "SkyHubAdapter.Application\SkyHubAdapter.Application.csproj", "{788BA59A-B599-453C-839F-454342173007}"
EndProject
Project("{FAE04EC0-301F-11D3-BF4B-00C04F79EFBC}") = "SkyHubAdapter.Domain", "SkyHubAdapter.Domain\SkyHubAdapter.Domain.csproj", "{0E210E3B-C709-4E29-B96F-82CA431D7250}"
EndProject
Project("{FAE04EC0-301F-11D3-BF4B-00C04F79EFBC}") = "Techshop.Aplication", "Techshop.Aplication\Techshop.Aplication.csproj", "{7931640D-11D5-499C-A8A9-764E8B1F09F0}"
EndProject
Project("{FAE04EC0-301F-11D3-BF4B-00C04F79EFBC}") = "Protheus.Repository", "Protheus.Repository\Protheus.Repository.csproj", "{DDF9FFA7-0B8D-4936-B022-94DF2DBBBCE0}"
EndProject
Project("{FAE04EC0-301F-11D3-BF4B-00C04F79EFBC}") = "Techshop.Model", "Techshop.Model\Techshop.Model.csproj", "{2E7FB81C-B791-496E-89C8-97EF88A11509}"
EndProject
Project("{FAE04EC0-301F-11D3-BF4B-00C04F79EFBC}") = "Techshop.Repositoy.CodeFirst", "Techshop.Repository.Codefirst\Techshop.Repositoy.CodeFirst.csproj", "{D67BD982-633C-4895-B966-81389CA229F0}"
EndProject
Project("{FAE04EC0-301F-11D3-BF4B-00C04F79EFBC}") = "Techshop Admin", "Techshop.Admin\Techshop\Techshop Admin.csproj", "{8F115126-F173-448F-B547-6AB15C2772E0}"
EndProject
Project("{FAE04EC0-301F-11D3-BF4B-00C04F79EFBC}") = "Techshop.Util", "Techshop.Util\Techshop.Util.csproj", "{1A41C7DE-A05A-4A7E-AFC5-2FCB14A50AE3}"
EndProject
Project("{FAE04EC0-301F-11D3-BF4B-00C04F79EFBC}") = "Techshop.FrontEnd", "Techshop.FrontEnd\Techshop.FrontEnd.csproj", "{FF7E5F07-FA4A-4F85-BE1C-B47B93BDDE0D}"
EndProject
Project("{2150E333-8FDC-42A3-9474-1A3956D46DE8}") = "Skyhub", "Skyhub", "{73907228-7448-45F7-AA26-AF971030BF66}"
EndProject
Project("{2150E333-8FDC-42A3-9474-1A3956D46DE8}") = "Repositório Protheus", "Repositório Protheus", "{12A6BCA6-07AF-4A93-94DD-83674B9291F1}"
EndProject
Project("{2150E333-8FDC-42A3-9474-1A3956D46DE8}") = "Techshop Util", "Techshop Util", "{3AE86D4E-6BF9-4999-9FD1-663AB5B47DC4}"
EndProject
Project("{2150E333-8FDC-42A3-9474-1A3956D46DE8}") = "Techshop Front End", "Techshop Front End", "{E50133AF-6D77-42C2-92F2-F8FE945CE267}"
EndProject
Global
	GlobalSection(SolutionConfigurationPlatforms) = preSolution
		Debug|Any CPU = Debug|Any CPU
		Release|Any CPU = Release|Any CPU
	EndGlobalSection
	GlobalSection(ProjectConfigurationPlatforms) = postSolution
		{788BA59A-B599-453C-839F-454342173007}.Debug|Any CPU.ActiveCfg = Debug|Any CPU
		{788BA59A-B599-453C-839F-454342173007}.Debug|Any CPU.Build.0 = Debug|Any CPU
		{788BA59A-B599-453C-839F-454342173007}.Release|Any CPU.ActiveCfg = Release|Any CPU
		{788BA59A-B599-453C-839F-454342173007}.Release|Any CPU.Build.0 = Release|Any CPU
		{0E210E3B-C709-4E29-B96F-82CA431D7250}.Debug|Any CPU.ActiveCfg = Debug|Any CPU
		{0E210E3B-C709-4E29-B96F-82CA431D7250}.Debug|Any CPU.Build.0 = Debug|Any CPU
		{0E210E3B-C709-4E29-B96F-82CA431D7250}.Release|Any CPU.ActiveCfg = Release|Any CPU
		{0E210E3B-C709-4E29-B96F-82CA431D7250}.Release|Any CPU.Build.0 = Release|Any CPU
		{7931640D-11D5-499C-A8A9-764E8B1F09F0}.Debug|Any CPU.ActiveCfg = Debug|Any CPU
		{7931640D-11D5-499C-A8A9-764E8B1F09F0}.Debug|Any CPU.Build.0 = Debug|Any CPU
		{7931640D-11D5-499C-A8A9-764E8B1F09F0}.Release|Any CPU.ActiveCfg = Release|Any CPU
		{7931640D-11D5-499C-A8A9-764E8B1F09F0}.Release|Any CPU.Build.0 = Release|Any CPU
		{DDF9FFA7-0B8D-4936-B022-94DF2DBBBCE0}.Debug|Any CPU.ActiveCfg = Debug|Any CPU
		{DDF9FFA7-0B8D-4936-B022-94DF2DBBBCE0}.Release|Any CPU.ActiveCfg = Release|Any CPU
		{DDF9FFA7-0B8D-4936-B022-94DF2DBBBCE0}.Release|Any CPU.Build.0 = Release|Any CPU
		{2E7FB81C-B791-496E-89C8-97EF88A11509}.Debug|Any CPU.ActiveCfg = Debug|Any CPU
		{2E7FB81C-B791-496E-89C8-97EF88A11509}.Debug|Any CPU.Build.0 = Debug|Any CPU
		{2E7FB81C-B791-496E-89C8-97EF88A11509}.Release|Any CPU.ActiveCfg = Release|Any CPU
		{2E7FB81C-B791-496E-89C8-97EF88A11509}.Release|Any CPU.Build.0 = Release|Any CPU
		{D67BD982-633C-4895-B966-81389CA229F0}.Debug|Any CPU.ActiveCfg = Debug|Any CPU
		{D67BD982-633C-4895-B966-81389CA229F0}.Debug|Any CPU.Build.0 = Debug|Any CPU
		{D67BD982-633C-4895-B966-81389CA229F0}.Release|Any CPU.ActiveCfg = Release|Any CPU
		{D67BD982-633C-4895-B966-81389CA229F0}.Release|Any CPU.Build.0 = Release|Any CPU
		{8F115126-F173-448F-B547-6AB15C2772E0}.Debug|Any CPU.ActiveCfg = Debug|Any CPU
		{8F115126-F173-448F-B547-6AB15C2772E0}.Debug|Any CPU.Build.0 = Debug|Any CPU
		{8F115126-F173-448F-B547-6AB15C2772E0}.Release|Any CPU.ActiveCfg = Release|Any CPU
		{8F115126-F173-448F-B547-6AB15C2772E0}.Release|Any CPU.Build.0 = Release|Any CPU
		{1A41C7DE-A05A-4A7E-AFC5-2FCB14A50AE3}.Debug|Any CPU.ActiveCfg = Debug|Any CPU
		{1A41C7DE-A05A-4A7E-AFC5-2FCB14A50AE3}.Release|Any CPU.ActiveCfg = Release|Any CPU
		{1A41C7DE-A05A-4A7E-AFC5-2FCB14A50AE3}.Release|Any CPU.Build.0 = Release|Any CPU
		{FF7E5F07-FA4A-4F85-BE1C-B47B93BDDE0D}.Debug|Any CPU.ActiveCfg = Debug|Any CPU
		{FF7E5F07-FA4A-4F85-BE1C-B47B93BDDE0D}.Debug|Any CPU.Build.0 = Debug|Any CPU
		{FF7E5F07-FA4A-4F85-BE1C-B47B93BDDE0D}.Release|Any CPU.ActiveCfg = Release|Any CPU
		{FF7E5F07-FA4A-4F85-BE1C-B47B93BDDE0D}.Release|Any CPU.Build.0 = Release|Any CPU
	EndGlobalSection
	GlobalSection(SolutionProperties) = preSolution
		HideSolutionNode = FALSE
	EndGlobalSection
	GlobalSection(NestedProjects) = preSolution
		{788BA59A-B599-453C-839F-454342173007} = {73907228-7448-45F7-AA26-AF971030BF66}
		{0E210E3B-C709-4E29-B96F-82CA431D7250} = {73907228-7448-45F7-AA26-AF971030BF66}
		{DDF9FFA7-0B8D-4936-B022-94DF2DBBBCE0} = {12A6BCA6-07AF-4A93-94DD-83674B9291F1}
		{8F115126-F173-448F-B547-6AB15C2772E0} = {E50133AF-6D77-42C2-92F2-F8FE945CE267}
		{1A41C7DE-A05A-4A7E-AFC5-2FCB14A50AE3} = {3AE86D4E-6BF9-4999-9FD1-663AB5B47DC4}
		{FF7E5F07-FA4A-4F85-BE1C-B47B93BDDE0D} = {E50133AF-6D77-42C2-92F2-F8FE945CE267}
	EndGlobalSection
EndGlobal
